
Microsoft Visual Studio Solution File, Format Version 12.00
# Visual Studio Version 16
VisualStudioVersion = 16.0.30621.155
MinimumVisualStudioVersion = 10.0.40219.1
Project("{FAE04EC0-301F-11D3-BF4B-00C04F79EFBC}") = "Synthie", "Synthie\Synthie.csproj", "{37827EFE-F48D-4974-BA72-514339452AF1}"
EndProject
Global
	GlobalSection(SolutionConfigurationPlatforms) = preSolution
		Debug|Any CPU = Debug|Any CPU
		Release|Any CPU = Release|Any CPU
	EndGlobalSection
	GlobalSection(ProjectConfigurationPlatforms) = postSolution
		{37827EFE-F48D-4974-BA72-514339452AF1}.Debug|Any CPU.ActiveCfg = Debug|Any CPU
		{37827EFE-F48D-4974-BA72-514339452AF1}.Debug|Any CPU.Build.0 = Debug|Any CPU
		{37827EFE-F48D-4974-BA72-514339452AF1}.Release|Any CPU.ActiveCfg = Release|Any CPU
		{37827EFE-F48D-4974-BA72-514339452AF1}.Release|Any CPU.Build.0 = Release|Any CPU
	EndGlobalSection
	GlobalSection(SolutionProperties) = preSolution
		HideSolutionNode = FALSE
	EndGlobalSection
	GlobalSection(ExtensibilityGlobals) = postSolution
		SolutionGuid = {017D88DF-509C-4178-8976-3F9F9F05FA8C}
	EndGlobalSection
EndGlobal
